
Microsoft Visual Studio Solution File, Format Version 12.00
# Visual Studio 15
VisualStudioVersion = 15.0.28307.421
MinimumVisualStudioVersion = 10.0.40219.1
Project("{FAE04EC0-301F-11D3-BF4B-00C04F79EFBC}") = "Naming", "Naming\Naming.csproj", "{DD739C9D-8EA1-4D91-AFD9-12F186F15C51}"
EndProject
Global
	GlobalSection(SolutionConfigurationPlatforms) = preSolution
		Debug|Any CPU = Debug|Any CPU
		Release|Any CPU = Release|Any CPU
	EndGlobalSection
	GlobalSection(ProjectConfigurationPlatforms) = postSolution
		{DD739C9D-8EA1-4D91-AFD9-12F186F15C51}.Debug|Any CPU.ActiveCfg = Debug|Any CPU
		{DD739C9D-8EA1-4D91-AFD9-12F186F15C51}.Debug|Any CPU.Build.0 = Debug|Any CPU
		{DD739C9D-8EA1-4D91-AFD9-12F186F15C51}.Release|Any CPU.ActiveCfg = Release|Any CPU
		{DD739C9D-8EA1-4D91-AFD9-12F186F15C51}.Release|Any CPU.Build.0 = Release|Any CPU
	EndGlobalSection
	GlobalSection(SolutionProperties) = preSolution
		HideSolutionNode = FALSE
	EndGlobalSection
	GlobalSection(ExtensibilityGlobals) = postSolution
		SolutionGuid = {BF020A10-FF4D-4831-9633-845FABF093E7}
	EndGlobalSection
EndGlobal
